
Microsoft Visual Studio Solution File, Format Version 12.00
# Visual Studio Version 16
VisualStudioVersion = 16.0.35706.149
MinimumVisualStudioVersion = 10.0.40219.1
Project("{FAE04EC0-301F-11D3-BF4B-00C04F79EFBC}") = "IntegracaoRequester", "XMLConverter\IntegracaoRequester.csproj", "{AF5CDCB2-3456-4325-A82E-FFE84B5659F2}"
EndProject
Global
	GlobalSection(SolutionConfigurationPlatforms) = preSolution
		Debug|Any CPU = Debug|Any CPU
		Release|Any CPU = Release|Any CPU
	EndGlobalSection
	GlobalSection(ProjectConfigurationPlatforms) = postSolution
		{AF5CDCB2-3456-4325-A82E-FFE84B5659F2}.Debug|Any CPU.ActiveCfg = Debug|Any CPU
		{AF5CDCB2-3456-4325-A82E-FFE84B5659F2}.Debug|Any CPU.Build.0 = Debug|Any CPU
		{AF5CDCB2-3456-4325-A82E-FFE84B5659F2}.Release|Any CPU.ActiveCfg = Release|Any CPU
		{AF5CDCB2-3456-4325-A82E-FFE84B5659F2}.Release|Any CPU.Build.0 = Release|Any CPU
	EndGlobalSection
	GlobalSection(SolutionProperties) = preSolution
		HideSolutionNode = FALSE
	EndGlobalSection
	GlobalSection(ExtensibilityGlobals) = postSolution
		SolutionGuid = {DC707ECB-5D21-42AC-B6B5-BD9D8EA98574}
	EndGlobalSection
EndGlobal
